// !$*UTF8*$!
{
	archiveVersion = 1;
	classes = {
	};
	objectVersion = 55;
	objects = {

/* Begin PBXBuildFile section */
		9702F60827EBA82C004304B3 /* AuthTests.swift in Sources */ = {isa = PBXBuildFile; fileRef = 9702F60727EBA82C004304B3 /* AuthTests.swift */; };
		9702F60A27EBC29D004304B3 /* Good.swift in Sources */ = {isa = PBXBuildFile; fileRef = 9702F60927EBC29D004304B3 /* Good.swift */; };
		9702F60C27EBC411004304B3 /* CatalogGood.swift in Sources */ = {isa = PBXBuildFile; fileRef = 9702F60B27EBC411004304B3 /* CatalogGood.swift */; };
		9702F60E27EBC509004304B3 /* Goods.swift in Sources */ = {isa = PBXBuildFile; fileRef = 9702F60D27EBC509004304B3 /* Goods.swift */; };
		9702F61027EBC66D004304B3 /* CatalogRequestFactory.swift in Sources */ = {isa = PBXBuildFile; fileRef = 9702F60F27EBC66D004304B3 /* CatalogRequestFactory.swift */; };
		9702F61427EBCBCA004304B3 /* GoodRequestFactory.swift in Sources */ = {isa = PBXBuildFile; fileRef = 9702F61327EBCBCA004304B3 /* GoodRequestFactory.swift */; };
		9702F61627EBCC59004304B3 /* GoodsTests.swift in Sources */ = {isa = PBXBuildFile; fileRef = 9702F61527EBCC59004304B3 /* GoodsTests.swift */; };
		971DB78D2804CAB00014269F /* TabBarViewController.swift in Sources */ = {isa = PBXBuildFile; fileRef = 971DB78C2804CAB00014269F /* TabBarViewController.swift */; };
		972E8EEB280358BF00046783 /* Basket.swift in Sources */ = {isa = PBXBuildFile; fileRef = 972E8EEA280358BF00046783 /* Basket.swift */; };
		972E8EED2803598700046783 /* BasketAddRequestFactory.swift in Sources */ = {isa = PBXBuildFile; fileRef = 972E8EEC2803598700046783 /* BasketAddRequestFactory.swift */; };
		972E8EEF28036E3400046783 /* BasketRemoveRequestFactory.swift in Sources */ = {isa = PBXBuildFile; fileRef = 972E8EEE28036E3400046783 /* BasketRemoveRequestFactory.swift */; };
		972E8EF128036F3700046783 /* BasketPayRequestFactory.swift in Sources */ = {isa = PBXBuildFile; fileRef = 972E8EF028036F3700046783 /* BasketPayRequestFactory.swift */; };
		972E8EF4280370D000046783 /* BasketTests.swift in Sources */ = {isa = PBXBuildFile; fileRef = 972E8EF228036FEE00046783 /* BasketTests.swift */; };
		972E8EF92803733600046783 /* SnapKit in Frameworks */ = {isa = PBXBuildFile; productRef = 972E8EF82803733600046783 /* SnapKit */; };
		972E8EFB2803735600046783 /* BasketViewController.swift in Sources */ = {isa = PBXBuildFile; fileRef = 972E8EFA2803735600046783 /* BasketViewController.swift */; };
		972E8EFD280373B700046783 /* BasketView.swift in Sources */ = {isa = PBXBuildFile; fileRef = 972E8EFC280373B700046783 /* BasketView.swift */; };
		972E8F002803742B00046783 /* AppStartManager.swift in Sources */ = {isa = PBXBuildFile; fileRef = 972E8EFF2803742B00046783 /* AppStartManager.swift */; };
		972E8F032803766D00046783 /* UIColor+ext.swift in Sources */ = {isa = PBXBuildFile; fileRef = 972E8F022803766D00046783 /* UIColor+ext.swift */; };
		972E8F0528037A9100046783 /* UIButton+Ext.swift in Sources */ = {isa = PBXBuildFile; fileRef = 972E8F0428037A9100046783 /* UIButton+Ext.swift */; };
		975E857927F8E84300B6AA61 /* Review.swift in Sources */ = {isa = PBXBuildFile; fileRef = 975E857827F8E84300B6AA61 /* Review.swift */; };
		975E857B27F8E9DE00B6AA61 /* ReviewsRequestFactory.swift in Sources */ = {isa = PBXBuildFile; fileRef = 975E857A27F8E9DE00B6AA61 /* ReviewsRequestFactory.swift */; };
		975E857D27F8EA0D00B6AA61 /* Comments.swift in Sources */ = {isa = PBXBuildFile; fileRef = 975E857C27F8EA0D00B6AA61 /* Comments.swift */; };
		975E857F27F8EA5800B6AA61 /* Comment.swift in Sources */ = {isa = PBXBuildFile; fileRef = 975E857E27F8EA5800B6AA61 /* Comment.swift */; };
		975E858227F8ED9C00B6AA61 /* ReviewTests.swift in Sources */ = {isa = PBXBuildFile; fileRef = 975E858027F8EC4A00B6AA61 /* ReviewTests.swift */; };
		975E858427F8F09900B6AA61 /* ReviewAddRequestFactory.swift in Sources */ = {isa = PBXBuildFile; fileRef = 975E858327F8F09900B6AA61 /* ReviewAddRequestFactory.swift */; };
		975E858627F8F22B00B6AA61 /* ReviewRemoveRequestFactory.swift in Sources */ = {isa = PBXBuildFile; fileRef = 975E858527F8F22B00B6AA61 /* ReviewRemoveRequestFactory.swift */; };
		978FBBD1280423FD00A8E9A3 /* BasketPresenter.swift in Sources */ = {isa = PBXBuildFile; fileRef = 978FBBD0280423FD00A8E9A3 /* BasketPresenter.swift */; };
		978FBBD3280435A900A8E9A3 /* LoginViewController.swift in Sources */ = {isa = PBXBuildFile; fileRef = 978FBBD2280435A900A8E9A3 /* LoginViewController.swift */; };
		978FBBD5280435DF00A8E9A3 /* LoginFormView.swift in Sources */ = {isa = PBXBuildFile; fileRef = 978FBBD4280435DF00A8E9A3 /* LoginFormView.swift */; };
		978FBBD72804360700A8E9A3 /* LoginPresenter.swift in Sources */ = {isa = PBXBuildFile; fileRef = 978FBBD62804360700A8E9A3 /* LoginPresenter.swift */; };
		978FBBD92804365D00A8E9A3 /* UIFont+ext.swift in Sources */ = {isa = PBXBuildFile; fileRef = 978FBBD82804365D00A8E9A3 /* UIFont+ext.swift */; };
		978FBBDB28046CC600A8E9A3 /* ProfileViewController.swift in Sources */ = {isa = PBXBuildFile; fileRef = 978FBBDA28046CC600A8E9A3 /* ProfileViewController.swift */; };
		978FBBDD28046D4B00A8E9A3 /* ProfileView.swift in Sources */ = {isa = PBXBuildFile; fileRef = 978FBBDC28046D4B00A8E9A3 /* ProfileView.swift */; };
		978FBBDF2804712200A8E9A3 /* ProfilePresenter.swift in Sources */ = {isa = PBXBuildFile; fileRef = 978FBBDE2804712200A8E9A3 /* ProfilePresenter.swift */; };
		97AD8DC1280581B500821B42 /* RegistrationViewController.swift in Sources */ = {isa = PBXBuildFile; fileRef = 97AD8DC0280581B500821B42 /* RegistrationViewController.swift */; };
		97AD8DC3280583AC00821B42 /* RegistrationFormView.swift in Sources */ = {isa = PBXBuildFile; fileRef = 97AD8DC2280583AC00821B42 /* RegistrationFormView.swift */; };
		97AD8DC5280584E400821B42 /* RegistrationPresenter.swift in Sources */ = {isa = PBXBuildFile; fileRef = 97AD8DC4280584E400821B42 /* RegistrationPresenter.swift */; };
		97D7224227D0129300DC31F7 /* AppDelegate.swift in Sources */ = {isa = PBXBuildFile; fileRef = 97D7224127D0129300DC31F7 /* AppDelegate.swift */; };
		97D7224427D0129300DC31F7 /* SceneDelegate.swift in Sources */ = {isa = PBXBuildFile; fileRef = 97D7224327D0129300DC31F7 /* SceneDelegate.swift */; };
		97D7224627D0129300DC31F7 /* MainViewController.swift in Sources */ = {isa = PBXBuildFile; fileRef = 97D7224527D0129300DC31F7 /* MainViewController.swift */; };
		97D7224B27D0129600DC31F7 /* Assets.xcassets in Resources */ = {isa = PBXBuildFile; fileRef = 97D7224A27D0129600DC31F7 /* Assets.xcassets */; };
		97D7224E27D0129600DC31F7 /* LaunchScreen.storyboard in Resources */ = {isa = PBXBuildFile; fileRef = 97D7224C27D0129600DC31F7 /* LaunchScreen.storyboard */; };
		97D7226327D0129600DC31F7 /* ShopUITests.swift in Sources */ = {isa = PBXBuildFile; fileRef = 97D7226227D0129600DC31F7 /* ShopUITests.swift */; };
		97D7226527D0129600DC31F7 /* ShopUITestsLaunchTests.swift in Sources */ = {isa = PBXBuildFile; fileRef = 97D7226427D0129600DC31F7 /* ShopUITestsLaunchTests.swift */; };
		97D7227427D015DF00DC31F7 /* MainView.swift in Sources */ = {isa = PBXBuildFile; fileRef = 97D7227327D015DF00DC31F7 /* MainView.swift */; };
		97E0F48E27D38F1C00DB5783 /* AbstractErrorParser.swift in Sources */ = {isa = PBXBuildFile; fileRef = 97E0F48D27D38F1C00DB5783 /* AbstractErrorParser.swift */; };
		97E0F49027D38F6700DB5783 /* ErrorParser.swift in Sources */ = {isa = PBXBuildFile; fileRef = 97E0F48F27D38F6700DB5783 /* ErrorParser.swift */; };
		97E0F49327D3904E00DB5783 /* Alamofire in Frameworks */ = {isa = PBXBuildFile; productRef = 97E0F49227D3904E00DB5783 /* Alamofire */; };
		97E0F49527D3907200DB5783 /* DataRequest.swift in Sources */ = {isa = PBXBuildFile; fileRef = 97E0F49427D3907200DB5783 /* DataRequest.swift */; };
		97E0F49727D3949800DB5783 /* RequestRouter.swift in Sources */ = {isa = PBXBuildFile; fileRef = 97E0F49627D3949800DB5783 /* RequestRouter.swift */; };
		97E0F49927D396E800DB5783 /* LoginResult.swift in Sources */ = {isa = PBXBuildFile; fileRef = 97E0F49827D396E800DB5783 /* LoginResult.swift */; };
		97E0F49B27D396F900DB5783 /* User.swift in Sources */ = {isa = PBXBuildFile; fileRef = 97E0F49A27D396F900DB5783 /* User.swift */; };
		97E0F49E27D397E200DB5783 /* AuthRequestFactory.swift in Sources */ = {isa = PBXBuildFile; fileRef = 97E0F49D27D397E200DB5783 /* AuthRequestFactory.swift */; };
		97E0F4A027D3983600DB5783 /* Auth.swift in Sources */ = {isa = PBXBuildFile; fileRef = 97E0F49F27D3983600DB5783 /* Auth.swift */; };
		97E0F4A227D3995D00DB5783 /* AbstractRequestFactory.swift in Sources */ = {isa = PBXBuildFile; fileRef = 97E0F4A127D3995D00DB5783 /* AbstractRequestFactory.swift */; };
		97E0F4A427D39B3900DB5783 /* RequestFactory.swift in Sources */ = {isa = PBXBuildFile; fileRef = 97E0F4A327D39B3900DB5783 /* RequestFactory.swift */; };
		97E0F4A627D3E1F500DB5783 /* RegistrationResult.swift in Sources */ = {isa = PBXBuildFile; fileRef = 97E0F4A527D3E1F500DB5783 /* RegistrationResult.swift */; };
		97E0F4AA27D3EB3D00DB5783 /* RegistrationRequestFactory.swift in Sources */ = {isa = PBXBuildFile; fileRef = 97E0F4A927D3EB3D00DB5783 /* RegistrationRequestFactory.swift */; };
		97E0F4AF27D5332F00DB5783 /* LogOutRequestFactory.swift in Sources */ = {isa = PBXBuildFile; fileRef = 97E0F4AE27D5332F00DB5783 /* LogOutRequestFactory.swift */; };
		97E0F4B127D5339900DB5783 /* DefaultResponseResult.swift in Sources */ = {isa = PBXBuildFile; fileRef = 97E0F4B027D5339900DB5783 /* DefaultResponseResult.swift */; };
		97E0F4B327D5501F00DB5783 /* ChangeUserDataRequestFactory.swift in Sources */ = {isa = PBXBuildFile; fileRef = 97E0F4B227D5501F00DB5783 /* ChangeUserDataRequestFactory.swift */; };
/* End PBXBuildFile section */

/* Begin PBXContainerItemProxy section */
		97D7225527D0129600DC31F7 /* PBXContainerItemProxy */ = {
			isa = PBXContainerItemProxy;
			containerPortal = 97D7223627D0129200DC31F7 /* Project object */;
			proxyType = 1;
			remoteGlobalIDString = 97D7223D27D0129200DC31F7;
			remoteInfo = Shop;
		};
		97D7225F27D0129600DC31F7 /* PBXContainerItemProxy */ = {
			isa = PBXContainerItemProxy;
			containerPortal = 97D7223627D0129200DC31F7 /* Project object */;
			proxyType = 1;
			remoteGlobalIDString = 97D7223D27D0129200DC31F7;
			remoteInfo = Shop;
		};
/* End PBXContainerItemProxy section */

/* Begin PBXFileReference section */
		9702F60727EBA82C004304B3 /* AuthTests.swift */ = {isa = PBXFileReference; lastKnownFileType = sourcecode.swift; path = AuthTests.swift; sourceTree = "<group>"; };
		9702F60927EBC29D004304B3 /* Good.swift */ = {isa = PBXFileReference; lastKnownFileType = sourcecode.swift; path = Good.swift; sourceTree = "<group>"; };
		9702F60B27EBC411004304B3 /* CatalogGood.swift */ = {isa = PBXFileReference; lastKnownFileType = sourcecode.swift; path = CatalogGood.swift; sourceTree = "<group>"; };
		9702F60D27EBC509004304B3 /* Goods.swift */ = {isa = PBXFileReference; lastKnownFileType = sourcecode.swift; path = Goods.swift; sourceTree = "<group>"; };
		9702F60F27EBC66D004304B3 /* CatalogRequestFactory.swift */ = {isa = PBXFileReference; lastKnownFileType = sourcecode.swift; path = CatalogRequestFactory.swift; sourceTree = "<group>"; };
		9702F61327EBCBCA004304B3 /* GoodRequestFactory.swift */ = {isa = PBXFileReference; lastKnownFileType = sourcecode.swift; path = GoodRequestFactory.swift; sourceTree = "<group>"; };
		9702F61527EBCC59004304B3 /* GoodsTests.swift */ = {isa = PBXFileReference; lastKnownFileType = sourcecode.swift; path = GoodsTests.swift; sourceTree = "<group>"; };
		971DB78C2804CAB00014269F /* TabBarViewController.swift */ = {isa = PBXFileReference; fileEncoding = 4; lastKnownFileType = sourcecode.swift; path = TabBarViewController.swift; sourceTree = "<group>"; };
		972E8EEA280358BF00046783 /* Basket.swift */ = {isa = PBXFileReference; lastKnownFileType = sourcecode.swift; path = Basket.swift; sourceTree = "<group>"; };
		972E8EEC2803598700046783 /* BasketAddRequestFactory.swift */ = {isa = PBXFileReference; lastKnownFileType = sourcecode.swift; path = BasketAddRequestFactory.swift; sourceTree = "<group>"; };
		972E8EEE28036E3400046783 /* BasketRemoveRequestFactory.swift */ = {isa = PBXFileReference; lastKnownFileType = sourcecode.swift; path = BasketRemoveRequestFactory.swift; sourceTree = "<group>"; };
		972E8EF028036F3700046783 /* BasketPayRequestFactory.swift */ = {isa = PBXFileReference; lastKnownFileType = sourcecode.swift; path = BasketPayRequestFactory.swift; sourceTree = "<group>"; };
		972E8EF228036FEE00046783 /* BasketTests.swift */ = {isa = PBXFileReference; lastKnownFileType = sourcecode.swift; path = BasketTests.swift; sourceTree = "<group>"; };
		972E8EFA2803735600046783 /* BasketViewController.swift */ = {isa = PBXFileReference; lastKnownFileType = sourcecode.swift; path = BasketViewController.swift; sourceTree = "<group>"; };
		972E8EFC280373B700046783 /* BasketView.swift */ = {isa = PBXFileReference; lastKnownFileType = sourcecode.swift; path = BasketView.swift; sourceTree = "<group>"; };
		972E8EFF2803742B00046783 /* AppStartManager.swift */ = {isa = PBXFileReference; fileEncoding = 4; lastKnownFileType = sourcecode.swift; path = AppStartManager.swift; sourceTree = "<group>"; };
		972E8F022803766D00046783 /* UIColor+ext.swift */ = {isa = PBXFileReference; fileEncoding = 4; lastKnownFileType = sourcecode.swift; path = "UIColor+ext.swift"; sourceTree = "<group>"; };
		972E8F0428037A9100046783 /* UIButton+Ext.swift */ = {isa = PBXFileReference; fileEncoding = 4; lastKnownFileType = sourcecode.swift; path = "UIButton+Ext.swift"; sourceTree = "<group>"; };
		975E857827F8E84300B6AA61 /* Review.swift */ = {isa = PBXFileReference; lastKnownFileType = sourcecode.swift; path = Review.swift; sourceTree = "<group>"; };
		975E857A27F8E9DE00B6AA61 /* ReviewsRequestFactory.swift */ = {isa = PBXFileReference; lastKnownFileType = sourcecode.swift; path = ReviewsRequestFactory.swift; sourceTree = "<group>"; };
		975E857C27F8EA0D00B6AA61 /* Comments.swift */ = {isa = PBXFileReference; lastKnownFileType = sourcecode.swift; path = Comments.swift; sourceTree = "<group>"; };
		975E857E27F8EA5800B6AA61 /* Comment.swift */ = {isa = PBXFileReference; lastKnownFileType = sourcecode.swift; path = Comment.swift; sourceTree = "<group>"; };
		975E858027F8EC4A00B6AA61 /* ReviewTests.swift */ = {isa = PBXFileReference; lastKnownFileType = sourcecode.swift; path = ReviewTests.swift; sourceTree = "<group>"; };
		975E858327F8F09900B6AA61 /* ReviewAddRequestFactory.swift */ = {isa = PBXFileReference; lastKnownFileType = sourcecode.swift; path = ReviewAddRequestFactory.swift; sourceTree = "<group>"; };
		975E858527F8F22B00B6AA61 /* ReviewRemoveRequestFactory.swift */ = {isa = PBXFileReference; lastKnownFileType = sourcecode.swift; path = ReviewRemoveRequestFactory.swift; sourceTree = "<group>"; };
		978FBBD0280423FD00A8E9A3 /* BasketPresenter.swift */ = {isa = PBXFileReference; lastKnownFileType = sourcecode.swift; path = BasketPresenter.swift; sourceTree = "<group>"; };
		978FBBD2280435A900A8E9A3 /* LoginViewController.swift */ = {isa = PBXFileReference; lastKnownFileType = sourcecode.swift; path = LoginViewController.swift; sourceTree = "<group>"; };
		978FBBD4280435DF00A8E9A3 /* LoginFormView.swift */ = {isa = PBXFileReference; lastKnownFileType = sourcecode.swift; path = LoginFormView.swift; sourceTree = "<group>"; };
		978FBBD62804360700A8E9A3 /* LoginPresenter.swift */ = {isa = PBXFileReference; fileEncoding = 4; lastKnownFileType = sourcecode.swift; path = LoginPresenter.swift; sourceTree = "<group>"; };
		978FBBD82804365D00A8E9A3 /* UIFont+ext.swift */ = {isa = PBXFileReference; fileEncoding = 4; lastKnownFileType = sourcecode.swift; path = "UIFont+ext.swift"; sourceTree = "<group>"; };
		978FBBDA28046CC600A8E9A3 /* ProfileViewController.swift */ = {isa = PBXFileReference; lastKnownFileType = sourcecode.swift; path = ProfileViewController.swift; sourceTree = "<group>"; };
		978FBBDC28046D4B00A8E9A3 /* ProfileView.swift */ = {isa = PBXFileReference; lastKnownFileType = sourcecode.swift; path = ProfileView.swift; sourceTree = "<group>"; };
		978FBBDE2804712200A8E9A3 /* ProfilePresenter.swift */ = {isa = PBXFileReference; lastKnownFileType = sourcecode.swift; path = ProfilePresenter.swift; sourceTree = "<group>"; };
		97AD8DC0280581B500821B42 /* RegistrationViewController.swift */ = {isa = PBXFileReference; lastKnownFileType = sourcecode.swift; path = RegistrationViewController.swift; sourceTree = "<group>"; };
		97AD8DC2280583AC00821B42 /* RegistrationFormView.swift */ = {isa = PBXFileReference; lastKnownFileType = sourcecode.swift; path = RegistrationFormView.swift; sourceTree = "<group>"; };
		97AD8DC4280584E400821B42 /* RegistrationPresenter.swift */ = {isa = PBXFileReference; lastKnownFileType = sourcecode.swift; path = RegistrationPresenter.swift; sourceTree = "<group>"; };
		97D7223E27D0129200DC31F7 /* GBShop.app */ = {isa = PBXFileReference; explicitFileType = wrapper.application; includeInIndex = 0; path = GBShop.app; sourceTree = BUILT_PRODUCTS_DIR; };
		97D7224127D0129300DC31F7 /* AppDelegate.swift */ = {isa = PBXFileReference; lastKnownFileType = sourcecode.swift; path = AppDelegate.swift; sourceTree = "<group>"; };
		97D7224327D0129300DC31F7 /* SceneDelegate.swift */ = {isa = PBXFileReference; lastKnownFileType = sourcecode.swift; path = SceneDelegate.swift; sourceTree = "<group>"; };
		97D7224527D0129300DC31F7 /* MainViewController.swift */ = {isa = PBXFileReference; lastKnownFileType = sourcecode.swift; path = MainViewController.swift; sourceTree = "<group>"; };
		97D7224A27D0129600DC31F7 /* Assets.xcassets */ = {isa = PBXFileReference; lastKnownFileType = folder.assetcatalog; path = Assets.xcassets; sourceTree = "<group>"; };
		97D7224D27D0129600DC31F7 /* Base */ = {isa = PBXFileReference; lastKnownFileType = file.storyboard; name = Base; path = Base.lproj/LaunchScreen.storyboard; sourceTree = "<group>"; };
		97D7224F27D0129600DC31F7 /* Info.plist */ = {isa = PBXFileReference; lastKnownFileType = text.plist.xml; path = Info.plist; sourceTree = "<group>"; };
		97D7225427D0129600DC31F7 /* GBShopTests.xctest */ = {isa = PBXFileReference; explicitFileType = wrapper.cfbundle; includeInIndex = 0; path = GBShopTests.xctest; sourceTree = BUILT_PRODUCTS_DIR; };
		97D7225E27D0129600DC31F7 /* GBShopUITests.xctest */ = {isa = PBXFileReference; explicitFileType = wrapper.cfbundle; includeInIndex = 0; path = GBShopUITests.xctest; sourceTree = BUILT_PRODUCTS_DIR; };
		97D7226227D0129600DC31F7 /* ShopUITests.swift */ = {isa = PBXFileReference; lastKnownFileType = sourcecode.swift; path = ShopUITests.swift; sourceTree = "<group>"; };
		97D7226427D0129600DC31F7 /* ShopUITestsLaunchTests.swift */ = {isa = PBXFileReference; lastKnownFileType = sourcecode.swift; path = ShopUITestsLaunchTests.swift; sourceTree = "<group>"; };
		97D7227327D015DF00DC31F7 /* MainView.swift */ = {isa = PBXFileReference; lastKnownFileType = sourcecode.swift; path = MainView.swift; sourceTree = "<group>"; };
		97E0F48D27D38F1C00DB5783 /* AbstractErrorParser.swift */ = {isa = PBXFileReference; lastKnownFileType = sourcecode.swift; path = AbstractErrorParser.swift; sourceTree = "<group>"; };
		97E0F48F27D38F6700DB5783 /* ErrorParser.swift */ = {isa = PBXFileReference; lastKnownFileType = sourcecode.swift; path = ErrorParser.swift; sourceTree = "<group>"; };
		97E0F49427D3907200DB5783 /* DataRequest.swift */ = {isa = PBXFileReference; lastKnownFileType = sourcecode.swift; path = DataRequest.swift; sourceTree = "<group>"; };
		97E0F49627D3949800DB5783 /* RequestRouter.swift */ = {isa = PBXFileReference; lastKnownFileType = sourcecode.swift; path = RequestRouter.swift; sourceTree = "<group>"; };
		97E0F49827D396E800DB5783 /* LoginResult.swift */ = {isa = PBXFileReference; lastKnownFileType = sourcecode.swift; path = LoginResult.swift; sourceTree = "<group>"; };
		97E0F49A27D396F900DB5783 /* User.swift */ = {isa = PBXFileReference; lastKnownFileType = sourcecode.swift; path = User.swift; sourceTree = "<group>"; };
		97E0F49D27D397E200DB5783 /* AuthRequestFactory.swift */ = {isa = PBXFileReference; lastKnownFileType = sourcecode.swift; path = AuthRequestFactory.swift; sourceTree = "<group>"; };
		97E0F49F27D3983600DB5783 /* Auth.swift */ = {isa = PBXFileReference; lastKnownFileType = sourcecode.swift; path = Auth.swift; sourceTree = "<group>"; };
		97E0F4A127D3995D00DB5783 /* AbstractRequestFactory.swift */ = {isa = PBXFileReference; lastKnownFileType = sourcecode.swift; path = AbstractRequestFactory.swift; sourceTree = "<group>"; };
		97E0F4A327D39B3900DB5783 /* RequestFactory.swift */ = {isa = PBXFileReference; lastKnownFileType = sourcecode.swift; path = RequestFactory.swift; sourceTree = "<group>"; };
		97E0F4A527D3E1F500DB5783 /* RegistrationResult.swift */ = {isa = PBXFileReference; lastKnownFileType = sourcecode.swift; path = RegistrationResult.swift; sourceTree = "<group>"; };
		97E0F4A927D3EB3D00DB5783 /* RegistrationRequestFactory.swift */ = {isa = PBXFileReference; lastKnownFileType = sourcecode.swift; path = RegistrationRequestFactory.swift; sourceTree = "<group>"; };
		97E0F4AE27D5332F00DB5783 /* LogOutRequestFactory.swift */ = {isa = PBXFileReference; lastKnownFileType = sourcecode.swift; path = LogOutRequestFactory.swift; sourceTree = "<group>"; };
		97E0F4B027D5339900DB5783 /* DefaultResponseResult.swift */ = {isa = PBXFileReference; lastKnownFileType = sourcecode.swift; path = DefaultResponseResult.swift; sourceTree = "<group>"; };
		97E0F4B227D5501F00DB5783 /* ChangeUserDataRequestFactory.swift */ = {isa = PBXFileReference; lastKnownFileType = sourcecode.swift; path = ChangeUserDataRequestFactory.swift; sourceTree = "<group>"; };
/* End PBXFileReference section */

/* Begin PBXFrameworksBuildPhase section */
		97D7223B27D0129200DC31F7 /* Frameworks */ = {
			isa = PBXFrameworksBuildPhase;
			buildActionMask = 2147483647;
			files = (
				97E0F49327D3904E00DB5783 /* Alamofire in Frameworks */,
				972E8EF92803733600046783 /* SnapKit in Frameworks */,
			);
			runOnlyForDeploymentPostprocessing = 0;
		};
		97D7225127D0129600DC31F7 /* Frameworks */ = {
			isa = PBXFrameworksBuildPhase;
			buildActionMask = 2147483647;
			files = (
			);
			runOnlyForDeploymentPostprocessing = 0;
		};
		97D7225B27D0129600DC31F7 /* Frameworks */ = {
			isa = PBXFrameworksBuildPhase;
			buildActionMask = 2147483647;
			files = (
			);
			runOnlyForDeploymentPostprocessing = 0;
		};
/* End PBXFrameworksBuildPhase section */

/* Begin PBXGroup section */
		972E8EF5280372BB00046783 /* Views */ = {
			isa = PBXGroup;
			children = (
				97D7227327D015DF00DC31F7 /* MainView.swift */,
				972E8EFC280373B700046783 /* BasketView.swift */,
				978FBBD4280435DF00A8E9A3 /* LoginFormView.swift */,
				978FBBDC28046D4B00A8E9A3 /* ProfileView.swift */,
				97AD8DC2280583AC00821B42 /* RegistrationFormView.swift */,
			);
			path = Views;
			sourceTree = "<group>";
		};
		972E8EF6280372C400046783 /* Controllers */ = {
			isa = PBXGroup;
			children = (
				971DB78C2804CAB00014269F /* TabBarViewController.swift */,
				97D7224527D0129300DC31F7 /* MainViewController.swift */,
				972E8EFA2803735600046783 /* BasketViewController.swift */,
				978FBBD2280435A900A8E9A3 /* LoginViewController.swift */,
				978FBBDA28046CC600A8E9A3 /* ProfileViewController.swift */,
				97AD8DC0280581B500821B42 /* RegistrationViewController.swift */,
			);
			path = Controllers;
			sourceTree = "<group>";
		};
		972E8EFE2803741700046783 /* AppDelegate */ = {
			isa = PBXGroup;
			children = (
				972E8EFF2803742B00046783 /* AppStartManager.swift */,
				97D7224127D0129300DC31F7 /* AppDelegate.swift */,
				97D7224327D0129300DC31F7 /* SceneDelegate.swift */,
			);
			path = AppDelegate;
			sourceTree = "<group>";
		};
		972E8F012803765500046783 /* Ext */ = {
			isa = PBXGroup;
			children = (
				978FBBD82804365D00A8E9A3 /* UIFont+ext.swift */,
				972E8F0428037A9100046783 /* UIButton+Ext.swift */,
				972E8F022803766D00046783 /* UIColor+ext.swift */,
			);
			path = Ext;
			sourceTree = "<group>";
		};
		978FBBCF2804239000A8E9A3 /* Presenter */ = {
			isa = PBXGroup;
			children = (
				978FBBD62804360700A8E9A3 /* LoginPresenter.swift */,
				978FBBD0280423FD00A8E9A3 /* BasketPresenter.swift */,
				978FBBDE2804712200A8E9A3 /* ProfilePresenter.swift */,
				97AD8DC4280584E400821B42 /* RegistrationPresenter.swift */,
			);
			path = Presenter;
			sourceTree = "<group>";
		};
		97D7223527D0129200DC31F7 = {
			isa = PBXGroup;
			children = (
				97D7224027D0129200DC31F7 /* GBShop */,
				97D7225727D0129600DC31F7 /* ShopTests */,
				97D7226127D0129600DC31F7 /* ShopUITests */,
				97D7223F27D0129200DC31F7 /* Products */,
			);
			sourceTree = "<group>";
		};
		97D7223F27D0129200DC31F7 /* Products */ = {
			isa = PBXGroup;
			children = (
				97D7223E27D0129200DC31F7 /* GBShop.app */,
				97D7225427D0129600DC31F7 /* GBShopTests.xctest */,
				97D7225E27D0129600DC31F7 /* GBShopUITests.xctest */,
			);
			name = Products;
			sourceTree = "<group>";
		};
		97D7224027D0129200DC31F7 /* GBShop */ = {
			isa = PBXGroup;
			children = (
				97E0F48427D2BE2A00DB5783 /* App */,
				97E0F48927D2BE6700DB5783 /* Core */,
				97E0F48A27D2BE7100DB5783 /* Resources */,
				97E0F48B27D2BE7B00DB5783 /* Environments */,
			);
			path = GBShop;
			sourceTree = "<group>";
		};
		97D7225727D0129600DC31F7 /* ShopTests */ = {
			isa = PBXGroup;
			children = (
				9702F60727EBA82C004304B3 /* AuthTests.swift */,
				9702F61527EBCC59004304B3 /* GoodsTests.swift */,
				975E858027F8EC4A00B6AA61 /* ReviewTests.swift */,
				972E8EF228036FEE00046783 /* BasketTests.swift */,
			);
			path = ShopTests;
			sourceTree = "<group>";
		};
		97D7226127D0129600DC31F7 /* ShopUITests */ = {
			isa = PBXGroup;
			children = (
				97D7226227D0129600DC31F7 /* ShopUITests.swift */,
				97D7226427D0129600DC31F7 /* ShopUITestsLaunchTests.swift */,
			);
			path = ShopUITests;
			sourceTree = "<group>";
		};
		97E0F48427D2BE2A00DB5783 /* App */ = {
			isa = PBXGroup;
			children = (
				972E8EFE2803741700046783 /* AppDelegate */,
				97E0F48527D2BE3600DB5783 /* BusinessLogic */,
				97E0F48627D2BE4400DB5783 /* Entity */,
				97E0F48727D2BE4D00DB5783 /* Assembly */,
				97E0F48827D2BE5700DB5783 /* Flows */,
			);
			path = App;
			sourceTree = "<group>";
		};
		97E0F48527D2BE3600DB5783 /* BusinessLogic */ = {
			isa = PBXGroup;
			children = (
				97E0F49C27D397CD00DB5783 /* Network */,
			);
			path = BusinessLogic;
			sourceTree = "<group>";
		};
		97E0F48627D2BE4400DB5783 /* Entity */ = {
			isa = PBXGroup;
			children = (
				97E0F49827D396E800DB5783 /* LoginResult.swift */,
				97E0F49A27D396F900DB5783 /* User.swift */,
				97E0F4A527D3E1F500DB5783 /* RegistrationResult.swift */,
				97E0F4B027D5339900DB5783 /* DefaultResponseResult.swift */,
				9702F60927EBC29D004304B3 /* Good.swift */,
				9702F60B27EBC411004304B3 /* CatalogGood.swift */,
				975E857C27F8EA0D00B6AA61 /* Comments.swift */,
				975E857E27F8EA5800B6AA61 /* Comment.swift */,
			);
			path = Entity;
			sourceTree = "<group>";
		};
		97E0F48727D2BE4D00DB5783 /* Assembly */ = {
			isa = PBXGroup;
			children = (
			);
			path = Assembly;
			sourceTree = "<group>";
		};
		97E0F48827D2BE5700DB5783 /* Flows */ = {
			isa = PBXGroup;
			children = (
				978FBBCF2804239000A8E9A3 /* Presenter */,
				972E8EF6280372C400046783 /* Controllers */,
				972E8EF5280372BB00046783 /* Views */,
			);
			path = Flows;
			sourceTree = "<group>";
		};
		97E0F48927D2BE6700DB5783 /* Core */ = {
			isa = PBXGroup;
			children = (
				972E8F012803765500046783 /* Ext */,
				97E0F48C27D38EF600DB5783 /* Network */,
			);
			path = Core;
			sourceTree = "<group>";
		};
		97E0F48A27D2BE7100DB5783 /* Resources */ = {
			isa = PBXGroup;
			children = (
				97D7224C27D0129600DC31F7 /* LaunchScreen.storyboard */,
				97D7224A27D0129600DC31F7 /* Assets.xcassets */,
			);
			path = Resources;
			sourceTree = "<group>";
		};
		97E0F48B27D2BE7B00DB5783 /* Environments */ = {
			isa = PBXGroup;
			children = (
				97D7224F27D0129600DC31F7 /* Info.plist */,
			);
			path = Environments;
			sourceTree = "<group>";
		};
		97E0F48C27D38EF600DB5783 /* Network */ = {
			isa = PBXGroup;
			children = (
				97E0F48D27D38F1C00DB5783 /* AbstractErrorParser.swift */,
				97E0F48F27D38F6700DB5783 /* ErrorParser.swift */,
				97E0F49427D3907200DB5783 /* DataRequest.swift */,
				97E0F49627D3949800DB5783 /* RequestRouter.swift */,
				97E0F4A127D3995D00DB5783 /* AbstractRequestFactory.swift */,
			);
			path = Network;
			sourceTree = "<group>";
		};
		97E0F49C27D397CD00DB5783 /* Network */ = {
			isa = PBXGroup;
			children = (
				97E0F4AB27D3EBF800DB5783 /* Factory */,
				97E0F49F27D3983600DB5783 /* Auth.swift */,
				9702F60D27EBC509004304B3 /* Goods.swift */,
				975E857827F8E84300B6AA61 /* Review.swift */,
				972E8EEA280358BF00046783 /* Basket.swift */,
			);
			path = Network;
			sourceTree = "<group>";
		};
		97E0F4AB27D3EBF800DB5783 /* Factory */ = {
			isa = PBXGroup;
			children = (
				97E0F4A327D39B3900DB5783 /* RequestFactory.swift */,
				97E0F49D27D397E200DB5783 /* AuthRequestFactory.swift */,
				97E0F4A927D3EB3D00DB5783 /* RegistrationRequestFactory.swift */,
				97E0F4AE27D5332F00DB5783 /* LogOutRequestFactory.swift */,
				97E0F4B227D5501F00DB5783 /* ChangeUserDataRequestFactory.swift */,
				9702F60F27EBC66D004304B3 /* CatalogRequestFactory.swift */,
				9702F61327EBCBCA004304B3 /* GoodRequestFactory.swift */,
				975E857A27F8E9DE00B6AA61 /* ReviewsRequestFactory.swift */,
				975E858327F8F09900B6AA61 /* ReviewAddRequestFactory.swift */,
				975E858527F8F22B00B6AA61 /* ReviewRemoveRequestFactory.swift */,
				972E8EEC2803598700046783 /* BasketAddRequestFactory.swift */,
				972E8EEE28036E3400046783 /* BasketRemoveRequestFactory.swift */,
				972E8EF028036F3700046783 /* BasketPayRequestFactory.swift */,
			);
			path = Factory;
			sourceTree = "<group>";
		};
/* End PBXGroup section */

/* Begin PBXNativeTarget section */
		97D7223D27D0129200DC31F7 /* GBShop */ = {
			isa = PBXNativeTarget;
			buildConfigurationList = 97D7226827D0129600DC31F7 /* Build configuration list for PBXNativeTarget "GBShop" */;
			buildPhases = (
				97D7223A27D0129200DC31F7 /* Sources */,
				97D7223B27D0129200DC31F7 /* Frameworks */,
				97D7223C27D0129200DC31F7 /* Resources */,
			);
			buildRules = (
			);
			dependencies = (
			);
			name = GBShop;
			packageProductDependencies = (
				97E0F49227D3904E00DB5783 /* Alamofire */,
				972E8EF82803733600046783 /* SnapKit */,
			);
			productName = Shop;
			productReference = 97D7223E27D0129200DC31F7 /* GBShop.app */;
			productType = "com.apple.product-type.application";
		};
		97D7225327D0129600DC31F7 /* GBShopTests */ = {
			isa = PBXNativeTarget;
			buildConfigurationList = 97D7226B27D0129600DC31F7 /* Build configuration list for PBXNativeTarget "GBShopTests" */;
			buildPhases = (
				97D7225027D0129600DC31F7 /* Sources */,
				97D7225127D0129600DC31F7 /* Frameworks */,
				97D7225227D0129600DC31F7 /* Resources */,
			);
			buildRules = (
			);
			dependencies = (
				97D7225627D0129600DC31F7 /* PBXTargetDependency */,
			);
			name = GBShopTests;
			productName = ShopTests;
			productReference = 97D7225427D0129600DC31F7 /* GBShopTests.xctest */;
			productType = "com.apple.product-type.bundle.unit-test";
		};
		97D7225D27D0129600DC31F7 /* GBShopUITests */ = {
			isa = PBXNativeTarget;
			buildConfigurationList = 97D7226E27D0129600DC31F7 /* Build configuration list for PBXNativeTarget "GBShopUITests" */;
			buildPhases = (
				97D7225A27D0129600DC31F7 /* Sources */,
				97D7225B27D0129600DC31F7 /* Frameworks */,
				97D7225C27D0129600DC31F7 /* Resources */,
			);
			buildRules = (
			);
			dependencies = (
				97D7226027D0129600DC31F7 /* PBXTargetDependency */,
			);
			name = GBShopUITests;
			productName = ShopUITests;
			productReference = 97D7225E27D0129600DC31F7 /* GBShopUITests.xctest */;
			productType = "com.apple.product-type.bundle.ui-testing";
		};
/* End PBXNativeTarget section */

/* Begin PBXProject section */
		97D7223627D0129200DC31F7 /* Project object */ = {
			isa = PBXProject;
			attributes = {
				BuildIndependentTargetsInParallel = 1;
				LastSwiftUpdateCheck = 1320;
				LastUpgradeCheck = 1320;
				TargetAttributes = {
					97D7223D27D0129200DC31F7 = {
						CreatedOnToolsVersion = 13.2.1;
					};
					97D7225327D0129600DC31F7 = {
						CreatedOnToolsVersion = 13.2.1;
						TestTargetID = 97D7223D27D0129200DC31F7;
					};
					97D7225D27D0129600DC31F7 = {
						CreatedOnToolsVersion = 13.2.1;
						TestTargetID = 97D7223D27D0129200DC31F7;
					};
				};
			};
			buildConfigurationList = 97D7223927D0129200DC31F7 /* Build configuration list for PBXProject "GBShop" */;
			compatibilityVersion = "Xcode 13.0";
			developmentRegion = en;
			hasScannedForEncodings = 0;
			knownRegions = (
				en,
				Base,
			);
			mainGroup = 97D7223527D0129200DC31F7;
			packageReferences = (
				97E0F49127D3904E00DB5783 /* XCRemoteSwiftPackageReference "Alamofire" */,
				972E8EF72803733600046783 /* XCRemoteSwiftPackageReference "SnapKit" */,
			);
			productRefGroup = 97D7223F27D0129200DC31F7 /* Products */;
			projectDirPath = "";
			projectRoot = "";
			targets = (
				97D7223D27D0129200DC31F7 /* GBShop */,
				97D7225327D0129600DC31F7 /* GBShopTests */,
				97D7225D27D0129600DC31F7 /* GBShopUITests */,
			);
		};
/* End PBXProject section */

/* Begin PBXResourcesBuildPhase section */
		97D7223C27D0129200DC31F7 /* Resources */ = {
			isa = PBXResourcesBuildPhase;
			buildActionMask = 2147483647;
			files = (
				97D7224E27D0129600DC31F7 /* LaunchScreen.storyboard in Resources */,
				97D7224B27D0129600DC31F7 /* Assets.xcassets in Resources */,
			);
			runOnlyForDeploymentPostprocessing = 0;
		};
		97D7225227D0129600DC31F7 /* Resources */ = {
			isa = PBXResourcesBuildPhase;
			buildActionMask = 2147483647;
			files = (
			);
			runOnlyForDeploymentPostprocessing = 0;
		};
		97D7225C27D0129600DC31F7 /* Resources */ = {
			isa = PBXResourcesBuildPhase;
			buildActionMask = 2147483647;
			files = (
			);
			runOnlyForDeploymentPostprocessing = 0;
		};
/* End PBXResourcesBuildPhase section */

/* Begin PBXSourcesBuildPhase section */
		97D7223A27D0129200DC31F7 /* Sources */ = {
			isa = PBXSourcesBuildPhase;
			buildActionMask = 2147483647;
			files = (
				972E8EFD280373B700046783 /* BasketView.swift in Sources */,
				97E0F49E27D397E200DB5783 /* AuthRequestFactory.swift in Sources */,
				978FBBD3280435A900A8E9A3 /* LoginViewController.swift in Sources */,
				972E8EEF28036E3400046783 /* BasketRemoveRequestFactory.swift in Sources */,
				978FBBD72804360700A8E9A3 /* LoginPresenter.swift in Sources */,
				97E0F49727D3949800DB5783 /* RequestRouter.swift in Sources */,
				9702F60A27EBC29D004304B3 /* Good.swift in Sources */,
				97E0F49527D3907200DB5783 /* DataRequest.swift in Sources */,
				975E857B27F8E9DE00B6AA61 /* ReviewsRequestFactory.swift in Sources */,
				9702F60E27EBC509004304B3 /* Goods.swift in Sources */,
				9702F61427EBCBCA004304B3 /* GoodRequestFactory.swift in Sources */,
				97E0F4AA27D3EB3D00DB5783 /* RegistrationRequestFactory.swift in Sources */,
				975E858627F8F22B00B6AA61 /* ReviewRemoveRequestFactory.swift in Sources */,
				97D7224627D0129300DC31F7 /* MainViewController.swift in Sources */,
				97E0F49027D38F6700DB5783 /* ErrorParser.swift in Sources */,
				975E857F27F8EA5800B6AA61 /* Comment.swift in Sources */,
				971DB78D2804CAB00014269F /* TabBarViewController.swift in Sources */,
				97D7227427D015DF00DC31F7 /* MainView.swift in Sources */,
				975E857927F8E84300B6AA61 /* Review.swift in Sources */,
				972E8EF128036F3700046783 /* BasketPayRequestFactory.swift in Sources */,
				97E0F48E27D38F1C00DB5783 /* AbstractErrorParser.swift in Sources */,
				978FBBD92804365D00A8E9A3 /* UIFont+ext.swift in Sources */,
				97AD8DC5280584E400821B42 /* RegistrationPresenter.swift in Sources */,
				97E0F49927D396E800DB5783 /* LoginResult.swift in Sources */,
				9702F61027EBC66D004304B3 /* CatalogRequestFactory.swift in Sources */,
				975E858427F8F09900B6AA61 /* ReviewAddRequestFactory.swift in Sources */,
				97E0F4A227D3995D00DB5783 /* AbstractRequestFactory.swift in Sources */,
				97E0F4A627D3E1F500DB5783 /* RegistrationResult.swift in Sources */,
				97E0F4B327D5501F00DB5783 /* ChangeUserDataRequestFactory.swift in Sources */,
				97E0F4B127D5339900DB5783 /* DefaultResponseResult.swift in Sources */,
				975E857D27F8EA0D00B6AA61 /* Comments.swift in Sources */,
				972E8EEB280358BF00046783 /* Basket.swift in Sources */,
				972E8F032803766D00046783 /* UIColor+ext.swift in Sources */,
				972E8F002803742B00046783 /* AppStartManager.swift in Sources */,
				9702F60C27EBC411004304B3 /* CatalogGood.swift in Sources */,
				97D7224227D0129300DC31F7 /* AppDelegate.swift in Sources */,
				97E0F4AF27D5332F00DB5783 /* LogOutRequestFactory.swift in Sources */,
				97E0F4A427D39B3900DB5783 /* RequestFactory.swift in Sources */,
				972E8EFB2803735600046783 /* BasketViewController.swift in Sources */,
				978FBBD1280423FD00A8E9A3 /* BasketPresenter.swift in Sources */,
				97AD8DC1280581B500821B42 /* RegistrationViewController.swift in Sources */,
				972E8EED2803598700046783 /* BasketAddRequestFactory.swift in Sources */,
				972E8F0528037A9100046783 /* UIButton+Ext.swift in Sources */,
				978FBBDD28046D4B00A8E9A3 /* ProfileView.swift in Sources */,
				97AD8DC3280583AC00821B42 /* RegistrationFormView.swift in Sources */,
				978FBBD5280435DF00A8E9A3 /* LoginFormView.swift in Sources */,
				97E0F49B27D396F900DB5783 /* User.swift in Sources */,
				978FBBDB28046CC600A8E9A3 /* ProfileViewController.swift in Sources */,
				97D7224427D0129300DC31F7 /* SceneDelegate.swift in Sources */,
				97E0F4A027D3983600DB5783 /* Auth.swift in Sources */,
				978FBBDF2804712200A8E9A3 /* ProfilePresenter.swift in Sources */,
			);
			runOnlyForDeploymentPostprocessing = 0;
		};
		97D7225027D0129600DC31F7 /* Sources */ = {
			isa = PBXSourcesBuildPhase;
			buildActionMask = 2147483647;
			files = (
				9702F61627EBCC59004304B3 /* GoodsTests.swift in Sources */,
				972E8EF4280370D000046783 /* BasketTests.swift in Sources */,
				9702F60827EBA82C004304B3 /* AuthTests.swift in Sources */,
				975E858227F8ED9C00B6AA61 /* ReviewTests.swift in Sources */,
			);
			runOnlyForDeploymentPostprocessing = 0;
		};
		97D7225A27D0129600DC31F7 /* Sources */ = {
			isa = PBXSourcesBuildPhase;
			buildActionMask = 2147483647;
			files = (
				97D7226527D0129600DC31F7 /* ShopUITestsLaunchTests.swift in Sources */,
				97D7226327D0129600DC31F7 /* ShopUITests.swift in Sources */,
			);
			runOnlyForDeploymentPostprocessing = 0;
		};
/* End PBXSourcesBuildPhase section */

/* Begin PBXTargetDependency section */
		97D7225627D0129600DC31F7 /* PBXTargetDependency */ = {
			isa = PBXTargetDependency;
			target = 97D7223D27D0129200DC31F7 /* GBShop */;
			targetProxy = 97D7225527D0129600DC31F7 /* PBXContainerItemProxy */;
		};
		97D7226027D0129600DC31F7 /* PBXTargetDependency */ = {
			isa = PBXTargetDependency;
			target = 97D7223D27D0129200DC31F7 /* GBShop */;
			targetProxy = 97D7225F27D0129600DC31F7 /* PBXContainerItemProxy */;
		};
/* End PBXTargetDependency section */

/* Begin PBXVariantGroup section */
		97D7224C27D0129600DC31F7 /* LaunchScreen.storyboard */ = {
			isa = PBXVariantGroup;
			children = (
				97D7224D27D0129600DC31F7 /* Base */,
			);
			name = LaunchScreen.storyboard;
			sourceTree = "<group>";
		};
/* End PBXVariantGroup section */

/* Begin XCBuildConfiguration section */
		97D7226627D0129600DC31F7 /* Debug */ = {
			isa = XCBuildConfiguration;
			buildSettings = {
				ALWAYS_SEARCH_USER_PATHS = NO;
				CLANG_ANALYZER_NONNULL = YES;
				CLANG_ANALYZER_NUMBER_OBJECT_CONVERSION = YES_AGGRESSIVE;
				CLANG_CXX_LANGUAGE_STANDARD = "gnu++17";
				CLANG_CXX_LIBRARY = "libc++";
				CLANG_ENABLE_MODULES = YES;
				CLANG_ENABLE_OBJC_ARC = YES;
				CLANG_ENABLE_OBJC_WEAK = YES;
				CLANG_WARN_BLOCK_CAPTURE_AUTORELEASING = YES;
				CLANG_WARN_BOOL_CONVERSION = YES;
				CLANG_WARN_COMMA = YES;
				CLANG_WARN_CONSTANT_CONVERSION = YES;
				CLANG_WARN_DEPRECATED_OBJC_IMPLEMENTATIONS = YES;
				CLANG_WARN_DIRECT_OBJC_ISA_USAGE = YES_ERROR;
				CLANG_WARN_DOCUMENTATION_COMMENTS = YES;
				CLANG_WARN_EMPTY_BODY = YES;
				CLANG_WARN_ENUM_CONVERSION = YES;
				CLANG_WARN_INFINITE_RECURSION = YES;
				CLANG_WARN_INT_CONVERSION = YES;
				CLANG_WARN_NON_LITERAL_NULL_CONVERSION = YES;
				CLANG_WARN_OBJC_IMPLICIT_RETAIN_SELF = YES;
				CLANG_WARN_OBJC_LITERAL_CONVERSION = YES;
				CLANG_WARN_OBJC_ROOT_CLASS = YES_ERROR;
				CLANG_WARN_QUOTED_INCLUDE_IN_FRAMEWORK_HEADER = YES;
				CLANG_WARN_RANGE_LOOP_ANALYSIS = YES;
				CLANG_WARN_STRICT_PROTOTYPES = YES;
				CLANG_WARN_SUSPICIOUS_MOVE = YES;
				CLANG_WARN_UNGUARDED_AVAILABILITY = YES_AGGRESSIVE;
				CLANG_WARN_UNREACHABLE_CODE = YES;
				CLANG_WARN__DUPLICATE_METHOD_MATCH = YES;
				COPY_PHASE_STRIP = NO;
				DEBUG_INFORMATION_FORMAT = dwarf;
				ENABLE_STRICT_OBJC_MSGSEND = YES;
				ENABLE_TESTABILITY = YES;
				GCC_C_LANGUAGE_STANDARD = gnu11;
				GCC_DYNAMIC_NO_PIC = NO;
				GCC_NO_COMMON_BLOCKS = YES;
				GCC_OPTIMIZATION_LEVEL = 0;
				GCC_PREPROCESSOR_DEFINITIONS = (
					"DEBUG=1",
					"$(inherited)",
				);
				GCC_WARN_64_TO_32_BIT_CONVERSION = YES;
				GCC_WARN_ABOUT_RETURN_TYPE = YES_ERROR;
				GCC_WARN_UNDECLARED_SELECTOR = YES;
				GCC_WARN_UNINITIALIZED_AUTOS = YES_AGGRESSIVE;
				GCC_WARN_UNUSED_FUNCTION = YES;
				GCC_WARN_UNUSED_VARIABLE = YES;
				IPHONEOS_DEPLOYMENT_TARGET = 15.2;
				MTL_ENABLE_DEBUG_INFO = INCLUDE_SOURCE;
				MTL_FAST_MATH = YES;
				ONLY_ACTIVE_ARCH = YES;
				SDKROOT = iphoneos;
				SWIFT_ACTIVE_COMPILATION_CONDITIONS = DEBUG;
				SWIFT_OPTIMIZATION_LEVEL = "-Onone";
			};
			name = Debug;
		};
		97D7226727D0129600DC31F7 /* Release */ = {
			isa = XCBuildConfiguration;
			buildSettings = {
				ALWAYS_SEARCH_USER_PATHS = NO;
				CLANG_ANALYZER_NONNULL = YES;
				CLANG_ANALYZER_NUMBER_OBJECT_CONVERSION = YES_AGGRESSIVE;
				CLANG_CXX_LANGUAGE_STANDARD = "gnu++17";
				CLANG_CXX_LIBRARY = "libc++";
				CLANG_ENABLE_MODULES = YES;
				CLANG_ENABLE_OBJC_ARC = YES;
				CLANG_ENABLE_OBJC_WEAK = YES;
				CLANG_WARN_BLOCK_CAPTURE_AUTORELEASING = YES;
				CLANG_WARN_BOOL_CONVERSION = YES;
				CLANG_WARN_COMMA = YES;
				CLANG_WARN_CONSTANT_CONVERSION = YES;
				CLANG_WARN_DEPRECATED_OBJC_IMPLEMENTATIONS = YES;
				CLANG_WARN_DIRECT_OBJC_ISA_USAGE = YES_ERROR;
				CLANG_WARN_DOCUMENTATION_COMMENTS = YES;
				CLANG_WARN_EMPTY_BODY = YES;
				CLANG_WARN_ENUM_CONVERSION = YES;
				CLANG_WARN_INFINITE_RECURSION = YES;
				CLANG_WARN_INT_CONVERSION = YES;
				CLANG_WARN_NON_LITERAL_NULL_CONVERSION = YES;
				CLANG_WARN_OBJC_IMPLICIT_RETAIN_SELF = YES;
				CLANG_WARN_OBJC_LITERAL_CONVERSION = YES;
				CLANG_WARN_OBJC_ROOT_CLASS = YES_ERROR;
				CLANG_WARN_QUOTED_INCLUDE_IN_FRAMEWORK_HEADER = YES;
				CLANG_WARN_RANGE_LOOP_ANALYSIS = YES;
				CLANG_WARN_STRICT_PROTOTYPES = YES;
				CLANG_WARN_SUSPICIOUS_MOVE = YES;
				CLANG_WARN_UNGUARDED_AVAILABILITY = YES_AGGRESSIVE;
				CLANG_WARN_UNREACHABLE_CODE = YES;
				CLANG_WARN__DUPLICATE_METHOD_MATCH = YES;
				COPY_PHASE_STRIP = NO;
				DEBUG_INFORMATION_FORMAT = "dwarf-with-dsym";
				ENABLE_NS_ASSERTIONS = NO;
				ENABLE_STRICT_OBJC_MSGSEND = YES;
				GCC_C_LANGUAGE_STANDARD = gnu11;
				GCC_NO_COMMON_BLOCKS = YES;
				GCC_WARN_64_TO_32_BIT_CONVERSION = YES;
				GCC_WARN_ABOUT_RETURN_TYPE = YES_ERROR;
				GCC_WARN_UNDECLARED_SELECTOR = YES;
				GCC_WARN_UNINITIALIZED_AUTOS = YES_AGGRESSIVE;
				GCC_WARN_UNUSED_FUNCTION = YES;
				GCC_WARN_UNUSED_VARIABLE = YES;
				IPHONEOS_DEPLOYMENT_TARGET = 15.2;
				MTL_ENABLE_DEBUG_INFO = NO;
				MTL_FAST_MATH = YES;
				SDKROOT = iphoneos;
				SWIFT_COMPILATION_MODE = wholemodule;
				SWIFT_OPTIMIZATION_LEVEL = "-O";
				VALIDATE_PRODUCT = YES;
			};
			name = Release;
		};
		97D7226927D0129600DC31F7 /* Debug */ = {
			isa = XCBuildConfiguration;
			buildSettings = {
				ASSETCATALOG_COMPILER_APPICON_NAME = AppIcon;
				ASSETCATALOG_COMPILER_GLOBAL_ACCENT_COLOR_NAME = AccentColor;
				CODE_SIGN_STYLE = Automatic;
				CURRENT_PROJECT_VERSION = 1;
				DEVELOPMENT_TEAM = L3G97V4UX6;
				GENERATE_INFOPLIST_FILE = YES;
				INFOPLIST_FILE = GBShop/Environments/Info.plist;
				INFOPLIST_KEY_CFBundleDisplayName = GBShop;
				INFOPLIST_KEY_UIApplicationSupportsIndirectInputEvents = YES;
				INFOPLIST_KEY_UILaunchStoryboardName = LaunchScreen;
				INFOPLIST_KEY_UISupportedInterfaceOrientations_iPad = "UIInterfaceOrientationPortrait UIInterfaceOrientationPortraitUpsideDown UIInterfaceOrientationLandscapeLeft UIInterfaceOrientationLandscapeRight";
				INFOPLIST_KEY_UISupportedInterfaceOrientations_iPhone = "UIInterfaceOrientationPortrait UIInterfaceOrientationLandscapeLeft UIInterfaceOrientationLandscapeRight";
				LD_RUNPATH_SEARCH_PATHS = (
					"$(inherited)",
					"@executable_path/Frameworks",
				);
				MARKETING_VERSION = 1.0;
				PRODUCT_BUNDLE_IDENTIFIER = kozhemin.Shop;
				PRODUCT_NAME = "$(TARGET_NAME)";
				SWIFT_EMIT_LOC_STRINGS = YES;
				SWIFT_VERSION = 5.0;
				TARGETED_DEVICE_FAMILY = 1;
			};
			name = Debug;
		};
		97D7226A27D0129600DC31F7 /* Release */ = {
			isa = XCBuildConfiguration;
			buildSettings = {
				ASSETCATALOG_COMPILER_APPICON_NAME = AppIcon;
				ASSETCATALOG_COMPILER_GLOBAL_ACCENT_COLOR_NAME = AccentColor;
				CODE_SIGN_STYLE = Automatic;
				CURRENT_PROJECT_VERSION = 1;
				DEVELOPMENT_TEAM = L3G97V4UX6;
				GENERATE_INFOPLIST_FILE = YES;
				INFOPLIST_FILE = GBShop/Environments/Info.plist;
				INFOPLIST_KEY_CFBundleDisplayName = GBShop;
				INFOPLIST_KEY_UIApplicationSupportsIndirectInputEvents = YES;
				INFOPLIST_KEY_UILaunchStoryboardName = LaunchScreen;
				INFOPLIST_KEY_UISupportedInterfaceOrientations_iPad = "UIInterfaceOrientationPortrait UIInterfaceOrientationPortraitUpsideDown UIInterfaceOrientationLandscapeLeft UIInterfaceOrientationLandscapeRight";
				INFOPLIST_KEY_UISupportedInterfaceOrientations_iPhone = "UIInterfaceOrientationPortrait UIInterfaceOrientationLandscapeLeft UIInterfaceOrientationLandscapeRight";
				LD_RUNPATH_SEARCH_PATHS = (
					"$(inherited)",
					"@executable_path/Frameworks",
				);
				MARKETING_VERSION = 1.0;
				PRODUCT_BUNDLE_IDENTIFIER = kozhemin.Shop;
				PRODUCT_NAME = "$(TARGET_NAME)";
				SWIFT_EMIT_LOC_STRINGS = YES;
				SWIFT_VERSION = 5.0;
				TARGETED_DEVICE_FAMILY = 1;
			};
			name = Release;
		};
		97D7226C27D0129600DC31F7 /* Debug */ = {
			isa = XCBuildConfiguration;
			buildSettings = {
				ALWAYS_EMBED_SWIFT_STANDARD_LIBRARIES = YES;
				BUNDLE_LOADER = "$(TEST_HOST)";
				CODE_SIGN_STYLE = Automatic;
				CURRENT_PROJECT_VERSION = 1;
				DEVELOPMENT_TEAM = L3G97V4UX6;
				GENERATE_INFOPLIST_FILE = YES;
				IPHONEOS_DEPLOYMENT_TARGET = 15.2;
				MARKETING_VERSION = 1.0;
				PRODUCT_BUNDLE_IDENTIFIER = kozhemin.ShopTests;
				PRODUCT_NAME = "$(TARGET_NAME)";
				SWIFT_EMIT_LOC_STRINGS = NO;
				SWIFT_VERSION = 5.0;
				TARGETED_DEVICE_FAMILY = "1,2";
				TEST_HOST = "$(BUILT_PRODUCTS_DIR)/GBShop.app/GBShop";
			};
			name = Debug;
		};
		97D7226D27D0129600DC31F7 /* Release */ = {
			isa = XCBuildConfiguration;
			buildSettings = {
				ALWAYS_EMBED_SWIFT_STANDARD_LIBRARIES = YES;
				BUNDLE_LOADER = "$(TEST_HOST)";
				CODE_SIGN_STYLE = Automatic;
				CURRENT_PROJECT_VERSION = 1;
				DEVELOPMENT_TEAM = L3G97V4UX6;
				GENERATE_INFOPLIST_FILE = YES;
				IPHONEOS_DEPLOYMENT_TARGET = 15.2;
				MARKETING_VERSION = 1.0;
				PRODUCT_BUNDLE_IDENTIFIER = kozhemin.ShopTests;
				PRODUCT_NAME = "$(TARGET_NAME)";
				SWIFT_EMIT_LOC_STRINGS = NO;
				SWIFT_VERSION = 5.0;
				TARGETED_DEVICE_FAMILY = "1,2";
				TEST_HOST = "$(BUILT_PRODUCTS_DIR)/GBShop.app/GBShop";
			};
			name = Release;
		};
		97D7226F27D0129600DC31F7 /* Debug */ = {
			isa = XCBuildConfiguration;
			buildSettings = {
				ALWAYS_EMBED_SWIFT_STANDARD_LIBRARIES = YES;
				CODE_SIGN_STYLE = Automatic;
				CURRENT_PROJECT_VERSION = 1;
				DEVELOPMENT_TEAM = L3G97V4UX6;
				GENERATE_INFOPLIST_FILE = YES;
				MARKETING_VERSION = 1.0;
				PRODUCT_BUNDLE_IDENTIFIER = kozhemin.ShopUITests;
				PRODUCT_NAME = "$(TARGET_NAME)";
				SWIFT_EMIT_LOC_STRINGS = NO;
				SWIFT_VERSION = 5.0;
				TARGETED_DEVICE_FAMILY = "1,2";
				TEST_TARGET_NAME = Shop;
			};
			name = Debug;
		};
		97D7227027D0129600DC31F7 /* Release */ = {
			isa = XCBuildConfiguration;
			buildSettings = {
				ALWAYS_EMBED_SWIFT_STANDARD_LIBRARIES = YES;
				CODE_SIGN_STYLE = Automatic;
				CURRENT_PROJECT_VERSION = 1;
				DEVELOPMENT_TEAM = L3G97V4UX6;
				GENERATE_INFOPLIST_FILE = YES;
				MARKETING_VERSION = 1.0;
				PRODUCT_BUNDLE_IDENTIFIER = kozhemin.ShopUITests;
				PRODUCT_NAME = "$(TARGET_NAME)";
				SWIFT_EMIT_LOC_STRINGS = NO;
				SWIFT_VERSION = 5.0;
				TARGETED_DEVICE_FAMILY = "1,2";
				TEST_TARGET_NAME = Shop;
			};
			name = Release;
		};
/* End XCBuildConfiguration section */

/* Begin XCConfigurationList section */
		97D7223927D0129200DC31F7 /* Build configuration list for PBXProject "GBShop" */ = {
			isa = XCConfigurationList;
			buildConfigurations = (
				97D7226627D0129600DC31F7 /* Debug */,
				97D7226727D0129600DC31F7 /* Release */,
			);
			defaultConfigurationIsVisible = 0;
			defaultConfigurationName = Release;
		};
		97D7226827D0129600DC31F7 /* Build configuration list for PBXNativeTarget "GBShop" */ = {
			isa = XCConfigurationList;
			buildConfigurations = (
				97D7226927D0129600DC31F7 /* Debug */,
				97D7226A27D0129600DC31F7 /* Release */,
			);
			defaultConfigurationIsVisible = 0;
			defaultConfigurationName = Release;
		};
		97D7226B27D0129600DC31F7 /* Build configuration list for PBXNativeTarget "GBShopTests" */ = {
			isa = XCConfigurationList;
			buildConfigurations = (
				97D7226C27D0129600DC31F7 /* Debug */,
				97D7226D27D0129600DC31F7 /* Release */,
			);
			defaultConfigurationIsVisible = 0;
			defaultConfigurationName = Release;
		};
		97D7226E27D0129600DC31F7 /* Build configuration list for PBXNativeTarget "GBShopUITests" */ = {
			isa = XCConfigurationList;
			buildConfigurations = (
				97D7226F27D0129600DC31F7 /* Debug */,
				97D7227027D0129600DC31F7 /* Release */,
			);
			defaultConfigurationIsVisible = 0;
			defaultConfigurationName = Release;
		};
/* End XCConfigurationList section */

/* Begin XCRemoteSwiftPackageReference section */
		972E8EF72803733600046783 /* XCRemoteSwiftPackageReference "SnapKit" */ = {
			isa = XCRemoteSwiftPackageReference;
			repositoryURL = "https://github.com/SnapKit/SnapKit.git";
			requirement = {
				branch = 5.0.1;
				kind = branch;
			};
		};
		97E0F49127D3904E00DB5783 /* XCRemoteSwiftPackageReference "Alamofire" */ = {
			isa = XCRemoteSwiftPackageReference;
			repositoryURL = "https://github.com/Alamofire/Alamofire.git";
			requirement = {
				kind = upToNextMajorVersion;
				minimumVersion = 5.0.0;
			};
		};
/* End XCRemoteSwiftPackageReference section */

/* Begin XCSwiftPackageProductDependency section */
		972E8EF82803733600046783 /* SnapKit */ = {
			isa = XCSwiftPackageProductDependency;
			package = 972E8EF72803733600046783 /* XCRemoteSwiftPackageReference "SnapKit" */;
			productName = SnapKit;
		};
		97E0F49227D3904E00DB5783 /* Alamofire */ = {
			isa = XCSwiftPackageProductDependency;
			package = 97E0F49127D3904E00DB5783 /* XCRemoteSwiftPackageReference "Alamofire" */;
			productName = Alamofire;
		};
/* End XCSwiftPackageProductDependency section */
	};
	rootObject = 97D7223627D0129200DC31F7 /* Project object */;
}
